
Microsoft Visual Studio Solution File, Format Version 12.00
# Visual Studio Version 17
VisualStudioVersion = 17.9.34622.214
MinimumVisualStudioVersion = 10.0.40219.1
Project("{9A19103F-16F7-4668-BE54-9A1E7A4F7556}") = "St10375622Part2", "St10375622Part2.csproj", "{10320DFA-1DEE-42E6-AE50-F6FA6E941D48}"
EndProject
Project("{FAE04EC0-301F-11D3-BF4B-00C04F79EFBC}") = "St10375622Part2.Test", "..\St10375622Part2.Test\St10375622Part2.Test.csproj", "{475E7D36-7029-4BC6-8669-018CE1CD23B7}"
EndProject
Global
	GlobalSection(SolutionConfigurationPlatforms) = preSolution
		Debug|Any CPU = Debug|Any CPU
		Release|Any CPU = Release|Any CPU
	EndGlobalSection
	GlobalSection(ProjectConfigurationPlatforms) = postSolution
		{10320DFA-1DEE-42E6-AE50-F6FA6E941D48}.Debug|Any CPU.ActiveCfg = Debug|Any CPU
		{10320DFA-1DEE-42E6-AE50-F6FA6E941D48}.Debug|Any CPU.Build.0 = Debug|Any CPU
		{10320DFA-1DEE-42E6-AE50-F6FA6E941D48}.Release|Any CPU.ActiveCfg = Release|Any CPU
		{10320DFA-1DEE-42E6-AE50-F6FA6E941D48}.Release|Any CPU.Build.0 = Release|Any CPU
		{475E7D36-7029-4BC6-8669-018CE1CD23B7}.Debug|Any CPU.ActiveCfg = Debug|Any CPU
		{475E7D36-7029-4BC6-8669-018CE1CD23B7}.Debug|Any CPU.Build.0 = Debug|Any CPU
		{475E7D36-7029-4BC6-8669-018CE1CD23B7}.Release|Any CPU.ActiveCfg = Release|Any CPU
		{475E7D36-7029-4BC6-8669-018CE1CD23B7}.Release|Any CPU.Build.0 = Release|Any CPU
	EndGlobalSection
	GlobalSection(SolutionProperties) = preSolution
		HideSolutionNode = FALSE
	EndGlobalSection
	GlobalSection(ExtensibilityGlobals) = postSolution
		SolutionGuid = {58B98C6C-3FFC-4418-BE0A-DE498A00AAD0}
	EndGlobalSection
EndGlobal
